
Microsoft Visual Studio Solution File, Format Version 12.00
# Visual Studio 15
VisualStudioVersion = 15.0.28307.572
MinimumVisualStudioVersion = 10.0.40219.1
Project("{9A19103F-16F7-4668-BE54-9A1E7A4F7556}") = "AreaCalculator", "AreaCalculator\AreaCalculator.csproj", "{FEB67901-1E85-4664-B109-020A23710A84}"
EndProject
Project("{9A19103F-16F7-4668-BE54-9A1E7A4F7556}") = "AreaCalculatorUser", "AreaCalculatorUser\AreaCalculatorUser.csproj", "{8953663D-D3CA-4A79-B014-C381E348C5CC}"
EndProject
Project("{9A19103F-16F7-4668-BE54-9A1E7A4F7556}") = "AreaCalculatorTests", "AreaCalculatorTests\AreaCalculatorTests.csproj", "{1BC66D08-4030-47E1-A9CE-AAC730A58949}"
EndProject
Global
	GlobalSection(SolutionConfigurationPlatforms) = preSolution
		Debug|Any CPU = Debug|Any CPU
		Release|Any CPU = Release|Any CPU
	EndGlobalSection
	GlobalSection(ProjectConfigurationPlatforms) = postSolution
		{FEB67901-1E85-4664-B109-020A23710A84}.Debug|Any CPU.ActiveCfg = Debug|Any CPU
		{FEB67901-1E85-4664-B109-020A23710A84}.Debug|Any CPU.Build.0 = Debug|Any CPU
		{FEB67901-1E85-4664-B109-020A23710A84}.Release|Any CPU.ActiveCfg = Release|Any CPU
		{FEB67901-1E85-4664-B109-020A23710A84}.Release|Any CPU.Build.0 = Release|Any CPU
		{8953663D-D3CA-4A79-B014-C381E348C5CC}.Debug|Any CPU.ActiveCfg = Debug|Any CPU
		{8953663D-D3CA-4A79-B014-C381E348C5CC}.Debug|Any CPU.Build.0 = Debug|Any CPU
		{8953663D-D3CA-4A79-B014-C381E348C5CC}.Release|Any CPU.ActiveCfg = Release|Any CPU
		{8953663D-D3CA-4A79-B014-C381E348C5CC}.Release|Any CPU.Build.0 = Release|Any CPU
		{1BC66D08-4030-47E1-A9CE-AAC730A58949}.Debug|Any CPU.ActiveCfg = Debug|Any CPU
		{1BC66D08-4030-47E1-A9CE-AAC730A58949}.Debug|Any CPU.Build.0 = Debug|Any CPU
		{1BC66D08-4030-47E1-A9CE-AAC730A58949}.Release|Any CPU.ActiveCfg = Release|Any CPU
		{1BC66D08-4030-47E1-A9CE-AAC730A58949}.Release|Any CPU.Build.0 = Release|Any CPU
	EndGlobalSection
	GlobalSection(SolutionProperties) = preSolution
		HideSolutionNode = FALSE
	EndGlobalSection
	GlobalSection(ExtensibilityGlobals) = postSolution
		SolutionGuid = {F7E9AE45-26E3-4356-BC74-EA4AAAB697E9}
	EndGlobalSection
EndGlobal
